
Microsoft Visual Studio Solution File, Format Version 12.00
# Visual Studio Version 17
VisualStudioVersion = 17.12.35527.113 d17.12
MinimumVisualStudioVersion = 10.0.40219.1
Project("{FAE04EC0-301F-11D3-BF4B-00C04F79EFBC}") = "DataAccess", "DataAccess\DataAccess.csproj", "{8C09D37B-FD93-430F-AB92-0BC1524394F6}"
EndProject
Project("{FAE04EC0-301F-11D3-BF4B-00C04F79EFBC}") = "DbWorkerService", "DbWorkerService\DbWorkerService.csproj", "{824E10C9-6993-4C48-A4C0-3131CCE44740}"
EndProject
Global
	GlobalSection(SolutionConfigurationPlatforms) = preSolution
		Debug|Any CPU = Debug|Any CPU
		Release|Any CPU = Release|Any CPU
	EndGlobalSection
	GlobalSection(ProjectConfigurationPlatforms) = postSolution
		{8C09D37B-FD93-430F-AB92-0BC1524394F6}.Debug|Any CPU.ActiveCfg = Debug|Any CPU
		{8C09D37B-FD93-430F-AB92-0BC1524394F6}.Debug|Any CPU.Build.0 = Debug|Any CPU
		{8C09D37B-FD93-430F-AB92-0BC1524394F6}.Release|Any CPU.ActiveCfg = Release|Any CPU
		{8C09D37B-FD93-430F-AB92-0BC1524394F6}.Release|Any CPU.Build.0 = Release|Any CPU
		{824E10C9-6993-4C48-A4C0-3131CCE44740}.Debug|Any CPU.ActiveCfg = Debug|Any CPU
		{824E10C9-6993-4C48-A4C0-3131CCE44740}.Debug|Any CPU.Build.0 = Debug|Any CPU
		{824E10C9-6993-4C48-A4C0-3131CCE44740}.Release|Any CPU.ActiveCfg = Release|Any CPU
		{824E10C9-6993-4C48-A4C0-3131CCE44740}.Release|Any CPU.Build.0 = Release|Any CPU
	EndGlobalSection
	GlobalSection(SolutionProperties) = preSolution
		HideSolutionNode = FALSE
	EndGlobalSection
EndGlobal
